
Microsoft Visual Studio Solution File, Format Version 12.00
# Visual Studio Version 17
VisualStudioVersion = 17.11.35327.3
MinimumVisualStudioVersion = 10.0.40219.1
Project("{FAE04EC0-301F-11D3-BF4B-00C04F79EFBC}") = "Assignment 6_3", "Assignment 6_3.csproj", "{667A07AD-C62D-4EAF-93CE-0D8C1EB34DBE}"
EndProject
Global
	GlobalSection(SolutionConfigurationPlatforms) = preSolution
		Debug|Any CPU = Debug|Any CPU
		Release|Any CPU = Release|Any CPU
	EndGlobalSection
	GlobalSection(ProjectConfigurationPlatforms) = postSolution
		{667A07AD-C62D-4EAF-93CE-0D8C1EB34DBE}.Debug|Any CPU.ActiveCfg = Debug|Any CPU
		{667A07AD-C62D-4EAF-93CE-0D8C1EB34DBE}.Debug|Any CPU.Build.0 = Debug|Any CPU
		{667A07AD-C62D-4EAF-93CE-0D8C1EB34DBE}.Release|Any CPU.ActiveCfg = Release|Any CPU
		{667A07AD-C62D-4EAF-93CE-0D8C1EB34DBE}.Release|Any CPU.Build.0 = Release|Any CPU
	EndGlobalSection
	GlobalSection(SolutionProperties) = preSolution
		HideSolutionNode = FALSE
	EndGlobalSection
	GlobalSection(ExtensibilityGlobals) = postSolution
		SolutionGuid = {C2498619-1A65-489D-AD76-1E13F9C3AB68}
	EndGlobalSection
EndGlobal
